{
  "nodes": {
    "flake-utils": {
      "locked": {
        "lastModified": 1631561581,
        "narHash": "sha256-3VQMV5zvxaVLvqqUrNz3iJelLw30mIVSfZmAaauM3dA=",
        "owner": "numtide",
        "repo": "flake-utils",
        "rev": "7e5bf3925f6fbdfaf50a2a7ca0be2879c4261d19",
        "type": "github"
      },
      "original": {
        "owner": "numtide",
        "repo": "flake-utils",
        "type": "github"
      }
    },
    "frontend-src": {
      "flake": false,
      "locked": {
        "lastModified": 1625041755,
        "narHash": "sha256-FlndlzTFDi4sXtNbznb0rHGXbFlznibMhPpgBIwl1ns=",
        "owner": "baytechc",
        "repo": "waasabi-live",
        "rev": "174d065ea0c3036b6921477e85edf0ea8bb3fbc8",
        "type": "github"
      },
      "original": {
        "owner": "baytechc",
        "repo": "waasabi-live",
        "type": "github"
      }
    },
    "napalm": {
      "inputs": {
        "nixpkgs": [
          "nixpkgs"
        ]
      },
      "locked": {
        "lastModified": 1628164111,
        "narHash": "sha256-khy5MVoO1BJaYRMcBVem3kfx//k6uZ/g+1oOkjjexCo=",
        "owner": "nix-community",
        "repo": "napalm",
        "rev": "0ae7e5544cff2902fbdaa45bf92fa81cb7515064",
        "type": "github"
      },
      "original": {
        "owner": "nix-community",
        "repo": "napalm",
        "type": "github"
      }
    },
    "nixpkgs": {
      "locked": {
        "lastModified": 1632340899,
        "narHash": "sha256-ej0gwhmvJO5NfoEF6XYTTj/B+DyXmZaEmxndTMoXKfs=",
        "owner": "NixOS",
        "repo": "nixpkgs",
        "rev": "d30701f2f17c18ca3096327dea5a6d09e26e8721",
        "type": "github"
      },
      "original": {
        "id": "nixpkgs",
        "ref": "nixos-unstable-small",
        "type": "indirect"
      }
    },
    "root": {
      "inputs": {
        "flake-utils": "flake-utils",
        "frontend-src": "frontend-src",
        "napalm": "napalm",
        "nixpkgs": "nixpkgs",
        "strapi-src": "strapi-src",
        "template-src": "template-src"
      }
    },
    "strapi-src": {
      "flake": false,
      "locked": {
        "lastModified": 1629795641,
        "narHash": "sha256-2s+QORp2Lp0lhvCNc/IdpuCGjd+4r1+GTXgY9tv1Vmw=",
        "owner": "strapi",
        "repo": "strapi",
        "rev": "8972d78e8d1783ded6089d0318bfb62aff8e6962",
        "type": "github"
      },
      "original": {
        "owner": "strapi",
        "ref": "v3.6.8",
        "repo": "strapi",
        "type": "github"
      }
    },
    "template-src": {
      "flake": false,
      "locked": {
        "lastModified": 1625038952,
        "narHash": "sha256-6tnD//N7NuWfUlJHD7hzMLSeIIduipOzoLWI9H5pdSg=",
        "owner": "baytechc",
        "repo": "strapi-template-waasabi",
        "rev": "a73c885cf7cd81aae4a4fcb45798c1239877fccf",
        "type": "github"
      },
      "original": {
        "owner": "baytechc",
        "repo": "strapi-template-waasabi",
        "type": "github"
      }
    }
  },
  "root": "root",
  "version": 7
}
